// !$*UTF8*$!
{
	archiveVersion = 1;
	classes = {
	};
	objectVersion = 46;
	objects = {

/* Begin PBXBuildFile section */
		0643CEDC0CB821712A54EB66 /* ofxSlider.cpp in Sources */ = {isa = PBXBuildFile; fileRef = E67DB8DC05530B8A52BFC0A1 /* ofxSlider.cpp */; };
		0648538355B2C9CA8DABF891 /* ofxButton.cpp in Sources */ = {isa = PBXBuildFile; fileRef = 259A56C09E7A31F54C137DAC /* ofxButton.cpp */; };
		1619663EFE287EBA9390918F /* ofxBaseGui.cpp in Sources */ = {isa = PBXBuildFile; fileRef = 015EDF4AB9E5782B0B27BF01 /* ofxBaseGui.cpp */; };
		2B942A8D16E9A0F724E2D9FA /* ofxTCPServer.cpp in Sources */ = {isa = PBXBuildFile; fileRef = 3A5C92A0B9B1694F14D24283 /* ofxTCPServer.cpp */; };
		2F05CE3ED6A1E8E52972430C /* ofxTCPManager.cpp in Sources */ = {isa = PBXBuildFile; fileRef = 6C6D1769EEE31F6D2FFEE5CB /* ofxTCPManager.cpp */; };
		3161D98835B78DC92D960E87 /* ofxPanel.cpp in Sources */ = {isa = PBXBuildFile; fileRef = 1F3227622E1C5CEE0652CFCD /* ofxPanel.cpp */; };
		3E084009BD1BC8EE75E0C79D /* ofxUDPManager.cpp in Sources */ = {isa = PBXBuildFile; fileRef = 43667BE06DAF15A6F22EF4A8 /* ofxUDPManager.cpp */; };
		69383E341219D89514BB5DCF /* ofxLabel.cpp in Sources */ = {isa = PBXBuildFile; fileRef = 44642CCFB96EB2072C5AE2E9 /* ofxLabel.cpp */; };
		764303281C513A4100691272 /* ofxBatchDownloader.cpp in Sources */ = {isa = PBXBuildFile; fileRef = 764303191C513A4100691272 /* ofxBatchDownloader.cpp */; };
		764303291C513A4100691272 /* ofxChecksum.cpp in Sources */ = {isa = PBXBuildFile; fileRef = 7643031B1C513A4100691272 /* ofxChecksum.cpp */; };
		7643032A1C513A4100691272 /* ofxDownloadCentral.cpp in Sources */ = {isa = PBXBuildFile; fileRef = 7643031D1C513A4100691272 /* ofxDownloadCentral.cpp */; };
		7643032B1C513A4100691272 /* ofxSimpleHttp.cpp in Sources */ = {isa = PBXBuildFile; fileRef = 7643031F1C513A4100691272 /* ofxSimpleHttp.cpp */; };
		771D4CCFD6D267AA4FFCC617 /* ofxSliderGroup.cpp in Sources */ = {isa = PBXBuildFile; fileRef = 3391F60E83EE185CD7E1FAEC /* ofxSliderGroup.cpp */; };
		850D032895780C1512A394F9 /* ofxThreadedImageLoader.cpp in Sources */ = {isa = PBXBuildFile; fileRef = 50802BBA7D39FD62C9027C00 /* ofxThreadedImageLoader.cpp */; };
		A9213730A2ECBCDCAD7C0CF2 /* ofxToggle.cpp in Sources */ = {isa = PBXBuildFile; fileRef = AD71EA33B8239B2097057654 /* ofxToggle.cpp */; };
		B0DE9B08EA4AE91D055AB0E2 /* ofxGuiGroup.cpp in Sources */ = {isa = PBXBuildFile; fileRef = 3CDA77245A388B3BA6363E72 /* ofxGuiGroup.cpp */; };
		CB38AD506E524C44AEE590A2 /* ofxJSONElement.cpp in Sources */ = {isa = PBXBuildFile; fileRef = A863DA4E31F9982AE2BA35DE /* ofxJSONElement.cpp */; };
		D9CE775FBB002A77A415B3F2 /* ofxTCPClient.cpp in Sources */ = {isa = PBXBuildFile; fileRef = B4AA9C32BA6F8F481E9FA7F0 /* ofxTCPClient.cpp */; };
		DF555EAAFCA4FF95B5B691B8 /* jsoncpp.cpp in Sources */ = {isa = PBXBuildFile; fileRef = 72668326553F0EF9F2C04AA7 /* jsoncpp.cpp */; };
		E4328149138ABC9F0047C5CB /* openFrameworksDebug.a in Frameworks */ = {isa = PBXBuildFile; fileRef = E4328148138ABC890047C5CB /* openFrameworksDebug.a */; };
		E4B69E200A3A1BDC003C02F2 /* main.cpp in Sources */ = {isa = PBXBuildFile; fileRef = E4B69E1D0A3A1BDC003C02F2 /* main.cpp */; };
		E4B69E210A3A1BDC003C02F2 /* ofApp.cpp in Sources */ = {isa = PBXBuildFile; fileRef = E4B69E1E0A3A1BDC003C02F2 /* ofApp.cpp */; };
/* End PBXBuildFile section */

/* Begin PBXContainerItemProxy section */
		E4328147138ABC890047C5CB /* PBXContainerItemProxy */ = {
			isa = PBXContainerItemProxy;
			containerPortal = E4328143138ABC890047C5CB /* openFrameworksLib.xcodeproj */;
			proxyType = 2;
			remoteGlobalIDString = E4B27C1510CBEB8E00536013;
			remoteInfo = openFrameworks;
		};
		E4EEB9AB138B136A00A80321 /* PBXContainerItemProxy */ = {
			isa = PBXContainerItemProxy;
			containerPortal = E4328143138ABC890047C5CB /* openFrameworksLib.xcodeproj */;
			proxyType = 1;
			remoteGlobalIDString = E4B27C1410CBEB8E00536013;
			remoteInfo = openFrameworks;
		};
/* End PBXContainerItemProxy section */

/* Begin PBXCopyFilesBuildPhase section */
		E4C2427710CC5ABF004149E2 /* CopyFiles */ = {
			isa = PBXCopyFilesBuildPhase;
			buildActionMask = 2147483647;
			dstPath = "";
			dstSubfolderSpec = 10;
			files = (
			);
			runOnlyForDeploymentPostprocessing = 0;
		};
/* End PBXCopyFilesBuildPhase section */

/* Begin PBXFileReference section */
		015EDF4AB9E5782B0B27BF01 /* ofxBaseGui.cpp */ = {isa = PBXFileReference; explicitFileType = sourcecode.cpp.cpp; fileEncoding = 30; name = ofxBaseGui.cpp; path = ../../../../../Development/of_v0.9.0_osx_release/addons/ofxGui/src/ofxBaseGui.cpp; sourceTree = SOURCE_ROOT; };
		01FE51277A7C8FE7A744AD02 /* ofxGui.h */ = {isa = PBXFileReference; explicitFileType = sourcecode.c.h; fileEncoding = 30; name = ofxGui.h; path = ../../../../../Development/of_v0.9.0_osx_release/addons/ofxGui/src/ofxGui.h; sourceTree = SOURCE_ROOT; };
		044D40B9DCB6E5AD0C10C940 /* json-forwards.h */ = {isa = PBXFileReference; explicitFileType = sourcecode.c.h; fileEncoding = 30; name = "json-forwards.h"; path = "../../../../../Development/of_v0.9.0_osx_release/addons/ofxJSON/libs/jsoncpp/include/json/json-forwards.h"; sourceTree = SOURCE_ROOT; };
		1F3227622E1C5CEE0652CFCD /* ofxPanel.cpp */ = {isa = PBXFileReference; explicitFileType = sourcecode.cpp.cpp; fileEncoding = 30; name = ofxPanel.cpp; path = ../../../../../Development/of_v0.9.0_osx_release/addons/ofxGui/src/ofxPanel.cpp; sourceTree = SOURCE_ROOT; };
		20B817F83B5D3F967D57974D /* json.h */ = {isa = PBXFileReference; explicitFileType = sourcecode.c.h; fileEncoding = 30; name = json.h; path = ../../../../../Development/of_v0.9.0_osx_release/addons/ofxJSON/libs/jsoncpp/include/json/json.h; sourceTree = SOURCE_ROOT; };
		259A56C09E7A31F54C137DAC /* ofxButton.cpp */ = {isa = PBXFileReference; explicitFileType = sourcecode.cpp.cpp; fileEncoding = 30; name = ofxButton.cpp; path = ../../../../../Development/of_v0.9.0_osx_release/addons/ofxGui/src/ofxButton.cpp; sourceTree = SOURCE_ROOT; };
		2A06CCBDD734DE4874E32098 /* ofxNetwork.h */ = {isa = PBXFileReference; explicitFileType = sourcecode.c.h; fileEncoding = 30; name = ofxNetwork.h; path = ../../../../../Development/of_v0.9.0_osx_release/addons/ofxNetwork/src/ofxNetwork.h; sourceTree = SOURCE_ROOT; };
		2A7AC74D97AE0790E0C8C075 /* GUGGAPIKEY.SAMPLE.h */ = {isa = PBXFileReference; explicitFileType = sourcecode.c.h; fileEncoding = 30; name = GUGGAPIKEY.SAMPLE.h; path = src/GUGGAPIKEY.SAMPLE.h; sourceTree = SOURCE_ROOT; };
		316A9BCA0F2DFAA9131167AE /* ofxButton.h */ = {isa = PBXFileReference; explicitFileType = sourcecode.c.h; fileEncoding = 30; name = ofxButton.h; path = ../../../../../Development/of_v0.9.0_osx_release/addons/ofxGui/src/ofxButton.h; sourceTree = SOURCE_ROOT; };
		3391F60E83EE185CD7E1FAEC /* ofxSliderGroup.cpp */ = {isa = PBXFileReference; explicitFileType = sourcecode.cpp.cpp; fileEncoding = 30; name = ofxSliderGroup.cpp; path = ../../../../../Development/of_v0.9.0_osx_release/addons/ofxGui/src/ofxSliderGroup.cpp; sourceTree = SOURCE_ROOT; };
		3A5C92A0B9B1694F14D24283 /* ofxTCPServer.cpp */ = {isa = PBXFileReference; explicitFileType = sourcecode.cpp.cpp; fileEncoding = 30; name = ofxTCPServer.cpp; path = ../../../../../Development/of_v0.9.0_osx_release/addons/ofxNetwork/src/ofxTCPServer.cpp; sourceTree = SOURCE_ROOT; };
		3CDA77245A388B3BA6363E72 /* ofxGuiGroup.cpp */ = {isa = PBXFileReference; explicitFileType = sourcecode.cpp.cpp; fileEncoding = 30; name = ofxGuiGroup.cpp; path = ../../../../../Development/of_v0.9.0_osx_release/addons/ofxGui/src/ofxGuiGroup.cpp; sourceTree = SOURCE_ROOT; };
		43667BE06DAF15A6F22EF4A8 /* ofxUDPManager.cpp */ = {isa = PBXFileReference; explicitFileType = sourcecode.cpp.cpp; fileEncoding = 30; name = ofxUDPManager.cpp; path = ../../../../../Development/of_v0.9.0_osx_release/addons/ofxNetwork/src/ofxUDPManager.cpp; sourceTree = SOURCE_ROOT; };
		43DDDD1D4C8D57A62D1619FC /* ofxToggle.h */ = {isa = PBXFileReference; explicitFileType = sourcecode.c.h; fileEncoding = 30; name = ofxToggle.h; path = ../../../../../Development/of_v0.9.0_osx_release/addons/ofxGui/src/ofxToggle.h; sourceTree = SOURCE_ROOT; };
		44642CCFB96EB2072C5AE2E9 /* ofxLabel.cpp */ = {isa = PBXFileReference; explicitFileType = sourcecode.cpp.cpp; fileEncoding = 30; name = ofxLabel.cpp; path = ../../../../../Development/of_v0.9.0_osx_release/addons/ofxGui/src/ofxLabel.cpp; sourceTree = SOURCE_ROOT; };
		4A2EC0CB57C714328F1C09B5 /* ofxSliderGroup.h */ = {isa = PBXFileReference; explicitFileType = sourcecode.c.h; fileEncoding = 30; name = ofxSliderGroup.h; path = ../../../../../Development/of_v0.9.0_osx_release/addons/ofxGui/src/ofxSliderGroup.h; sourceTree = SOURCE_ROOT; };
		50802BBA7D39FD62C9027C00 /* ofxThreadedImageLoader.cpp */ = {isa = PBXFileReference; explicitFileType = sourcecode.cpp.cpp; fileEncoding = 30; name = ofxThreadedImageLoader.cpp; path = ../../../../../Development/of_v0.9.0_osx_release/addons/ofxThreadedImageLoader/src/ofxThreadedImageLoader.cpp; sourceTree = SOURCE_ROOT; };
		53DD31A9B23804CA21C9D496 /* ofxGuiGroup.h */ = {isa = PBXFileReference; explicitFileType = sourcecode.c.h; fileEncoding = 30; name = ofxGuiGroup.h; path = ../../../../../Development/of_v0.9.0_osx_release/addons/ofxGui/src/ofxGuiGroup.h; sourceTree = SOURCE_ROOT; };
		546D80E758549143174DC6EA /* ofxPanel.h */ = {isa = PBXFileReference; explicitFileType = sourcecode.c.h; fileEncoding = 30; name = ofxPanel.h; path = ../../../../../Development/of_v0.9.0_osx_release/addons/ofxGui/src/ofxPanel.h; sourceTree = SOURCE_ROOT; };
		5695A865B2E6F5C45A46DC55 /* ofxLabel.h */ = {isa = PBXFileReference; explicitFileType = sourcecode.c.h; fileEncoding = 30; name = ofxLabel.h; path = ../../../../../Development/of_v0.9.0_osx_release/addons/ofxGui/src/ofxLabel.h; sourceTree = SOURCE_ROOT; };
		6C6D1769EEE31F6D2FFEE5CB /* ofxTCPManager.cpp */ = {isa = PBXFileReference; explicitFileType = sourcecode.cpp.cpp; fileEncoding = 30; name = ofxTCPManager.cpp; path = ../../../../../Development/of_v0.9.0_osx_release/addons/ofxNetwork/src/ofxTCPManager.cpp; sourceTree = SOURCE_ROOT; };
		72668326553F0EF9F2C04AA7 /* jsoncpp.cpp */ = {isa = PBXFileReference; explicitFileType = sourcecode.cpp.cpp; fileEncoding = 30; name = jsoncpp.cpp; path = ../../../../../Development/of_v0.9.0_osx_release/addons/ofxJSON/libs/jsoncpp/src/jsoncpp.cpp; sourceTree = SOURCE_ROOT; };
		764303191C513A4100691272 /* ofxBatchDownloader.cpp */ = {isa = PBXFileReference; fileEncoding = 4; lastKnownFileType = sourcecode.cpp.cpp; path = ofxBatchDownloader.cpp; sourceTree = "<group>"; };
		7643031A1C513A4100691272 /* ofxBatchDownloader.h */ = {isa = PBXFileReference; fileEncoding = 4; lastKnownFileType = sourcecode.c.h; path = ofxBatchDownloader.h; sourceTree = "<group>"; };
		7643031B1C513A4100691272 /* ofxChecksum.cpp */ = {isa = PBXFileReference; fileEncoding = 4; lastKnownFileType = sourcecode.cpp.cpp; path = ofxChecksum.cpp; sourceTree = "<group>"; };
		7643031C1C513A4100691272 /* ofxChecksum.h */ = {isa = PBXFileReference; fileEncoding = 4; lastKnownFileType = sourcecode.c.h; path = ofxChecksum.h; sourceTree = "<group>"; };
		7643031D1C513A4100691272 /* ofxDownloadCentral.cpp */ = {isa = PBXFileReference; fileEncoding = 4; lastKnownFileType = sourcecode.cpp.cpp; path = ofxDownloadCentral.cpp; sourceTree = "<group>"; };
		7643031E1C513A4100691272 /* ofxDownloadCentral.h */ = {isa = PBXFileReference; fileEncoding = 4; lastKnownFileType = sourcecode.c.h; path = ofxDownloadCentral.h; sourceTree = "<group>"; };
		7643031F1C513A4100691272 /* ofxSimpleHttp.cpp */ = {isa = PBXFileReference; fileEncoding = 4; lastKnownFileType = sourcecode.cpp.cpp; path = ofxSimpleHttp.cpp; sourceTree = "<group>"; };
		764303201C513A4100691272 /* ofxSimpleHttp.h */ = {isa = PBXFileReference; fileEncoding = 4; lastKnownFileType = sourcecode.c.h; path = ofxSimpleHttp.h; sourceTree = "<group>"; };
		9DFEDB2D50FE261E2CE29A37 /* ofxNetworkUtils.h */ = {isa = PBXFileReference; explicitFileType = sourcecode.c.h; fileEncoding = 30; name = ofxNetworkUtils.h; path = ../../../../../Development/of_v0.9.0_osx_release/addons/ofxNetwork/src/ofxNetworkUtils.h; sourceTree = SOURCE_ROOT; };
		A1AF551B5F5543F3C05F1277 /* GUGGAPIKEY.h */ = {isa = PBXFileReference; explicitFileType = sourcecode.c.h; fileEncoding = 30; name = GUGGAPIKEY.h; path = src/GUGGAPIKEY.h; sourceTree = SOURCE_ROOT; };
		A470468A6B140E091A075AFF /* ofxJSONElement.h */ = {isa = PBXFileReference; explicitFileType = sourcecode.c.h; fileEncoding = 30; name = ofxJSONElement.h; path = ../../../../../Development/of_v0.9.0_osx_release/addons/ofxJSON/src/ofxJSONElement.h; sourceTree = SOURCE_ROOT; };
		A863DA4E31F9982AE2BA35DE /* ofxJSONElement.cpp */ = {isa = PBXFileReference; explicitFileType = sourcecode.cpp.cpp; fileEncoding = 30; name = ofxJSONElement.cpp; path = ../../../../../Development/of_v0.9.0_osx_release/addons/ofxJSON/src/ofxJSONElement.cpp; sourceTree = SOURCE_ROOT; };
		AD71EA33B8239B2097057654 /* ofxToggle.cpp */ = {isa = PBXFileReference; explicitFileType = sourcecode.cpp.cpp; fileEncoding = 30; name = ofxToggle.cpp; path = ../../../../../Development/of_v0.9.0_osx_release/addons/ofxGui/src/ofxToggle.cpp; sourceTree = SOURCE_ROOT; };
		B4AA9C32BA6F8F481E9FA7F0 /* ofxTCPClient.cpp */ = {isa = PBXFileReference; explicitFileType = sourcecode.cpp.cpp; fileEncoding = 30; name = ofxTCPClient.cpp; path = ../../../../../Development/of_v0.9.0_osx_release/addons/ofxNetwork/src/ofxTCPClient.cpp; sourceTree = SOURCE_ROOT; };
		B5B33A8A1ECF75AF8A34DFCE /* ofxTCPManager.h */ = {isa = PBXFileReference; explicitFileType = sourcecode.c.h; fileEncoding = 30; name = ofxTCPManager.h; path = ../../../../../Development/of_v0.9.0_osx_release/addons/ofxNetwork/src/ofxTCPManager.h; sourceTree = SOURCE_ROOT; };
		B5DEDC8CD5999CBD226DD9B2 /* ofxThreadedImageLoader.h */ = {isa = PBXFileReference; explicitFileType = sourcecode.c.h; fileEncoding = 30; name = ofxThreadedImageLoader.h; path = ../../../../../Development/of_v0.9.0_osx_release/addons/ofxThreadedImageLoader/src/ofxThreadedImageLoader.h; sourceTree = SOURCE_ROOT; };
		DEE602863FEF21807ED5AB39 /* ofxTCPClient.h */ = {isa = PBXFileReference; explicitFileType = sourcecode.c.h; fileEncoding = 30; name = ofxTCPClient.h; path = ../../../../../Development/of_v0.9.0_osx_release/addons/ofxNetwork/src/ofxTCPClient.h; sourceTree = SOURCE_ROOT; };
		DF8107CCF595B575319EFB49 /* ofxSlider.h */ = {isa = PBXFileReference; explicitFileType = sourcecode.c.h; fileEncoding = 30; name = ofxSlider.h; path = ../../../../../Development/of_v0.9.0_osx_release/addons/ofxGui/src/ofxSlider.h; sourceTree = SOURCE_ROOT; };
		E4328143138ABC890047C5CB /* openFrameworksLib.xcodeproj */ = {isa = PBXFileReference; lastKnownFileType = "wrapper.pb-project"; name = openFrameworksLib.xcodeproj; path = ../../../../../Development/of_v0.9.0_osx_release/libs/openFrameworksCompiled/project/osx/openFrameworksLib.xcodeproj; sourceTree = SOURCE_ROOT; };
		E4B69B5B0A3A1756003C02F2 /* of_guggenheimDebug.app */ = {isa = PBXFileReference; explicitFileType = wrapper.application; includeInIndex = 0; path = of_guggenheimDebug.app; sourceTree = BUILT_PRODUCTS_DIR; };
		E4B69E1D0A3A1BDC003C02F2 /* main.cpp */ = {isa = PBXFileReference; fileEncoding = 30; lastKnownFileType = sourcecode.cpp.cpp; name = main.cpp; path = src/main.cpp; sourceTree = SOURCE_ROOT; };
		E4B69E1E0A3A1BDC003C02F2 /* ofApp.cpp */ = {isa = PBXFileReference; explicitFileType = sourcecode.cpp.cpp; fileEncoding = 30; name = ofApp.cpp; path = src/ofApp.cpp; sourceTree = SOURCE_ROOT; };
		E4B69E1F0A3A1BDC003C02F2 /* ofApp.h */ = {isa = PBXFileReference; fileEncoding = 30; lastKnownFileType = sourcecode.c.h; name = ofApp.h; path = src/ofApp.h; sourceTree = SOURCE_ROOT; };
		E4B6FCAD0C3E899E008CF71C /* openFrameworks-Info.plist */ = {isa = PBXFileReference; fileEncoding = 30; lastKnownFileType = text.plist.xml; path = "openFrameworks-Info.plist"; sourceTree = "<group>"; };
		E4EB691F138AFCF100A09F29 /* CoreOF.xcconfig */ = {isa = PBXFileReference; fileEncoding = 4; lastKnownFileType = text.xcconfig; name = CoreOF.xcconfig; path = ../../../../../Development/of_v0.9.0_osx_release/libs/openFrameworksCompiled/project/osx/CoreOF.xcconfig; sourceTree = SOURCE_ROOT; };
		E4EB6923138AFD0F00A09F29 /* Project.xcconfig */ = {isa = PBXFileReference; fileEncoding = 4; lastKnownFileType = text.xcconfig; path = Project.xcconfig; sourceTree = "<group>"; };
		E67DB8DC05530B8A52BFC0A1 /* ofxSlider.cpp */ = {isa = PBXFileReference; explicitFileType = sourcecode.cpp.cpp; fileEncoding = 30; name = ofxSlider.cpp; path = ../../../../../Development/of_v0.9.0_osx_release/addons/ofxGui/src/ofxSlider.cpp; sourceTree = SOURCE_ROOT; };
		ED521DF26D78BA7CBE8C5F9E /* ofxUDPManager.h */ = {isa = PBXFileReference; explicitFileType = sourcecode.c.h; fileEncoding = 30; name = ofxUDPManager.h; path = ../../../../../Development/of_v0.9.0_osx_release/addons/ofxNetwork/src/ofxUDPManager.h; sourceTree = SOURCE_ROOT; };
		F5ED374A60B0DE561B423FB9 /* ofxTCPServer.h */ = {isa = PBXFileReference; explicitFileType = sourcecode.c.h; fileEncoding = 30; name = ofxTCPServer.h; path = ../../../../../Development/of_v0.9.0_osx_release/addons/ofxNetwork/src/ofxTCPServer.h; sourceTree = SOURCE_ROOT; };
		FB9446AED36AD8B50EF85204 /* ofxBaseGui.h */ = {isa = PBXFileReference; explicitFileType = sourcecode.c.h; fileEncoding = 30; name = ofxBaseGui.h; path = ../../../../../Development/of_v0.9.0_osx_release/addons/ofxGui/src/ofxBaseGui.h; sourceTree = SOURCE_ROOT; };
		FC697668AD0B10F5BF3FCA8E /* ofxJSON.h */ = {isa = PBXFileReference; explicitFileType = sourcecode.c.h; fileEncoding = 30; name = ofxJSON.h; path = ../../../../../Development/of_v0.9.0_osx_release/addons/ofxJSON/src/ofxJSON.h; sourceTree = SOURCE_ROOT; };
/* End PBXFileReference section */

/* Begin PBXFrameworksBuildPhase section */
		E4B69B590A3A1756003C02F2 /* Frameworks */ = {
			isa = PBXFrameworksBuildPhase;
			buildActionMask = 2147483647;
			files = (
				E4328149138ABC9F0047C5CB /* openFrameworksDebug.a in Frameworks */,
			);
			runOnlyForDeploymentPostprocessing = 0;
		};
/* End PBXFrameworksBuildPhase section */

/* Begin PBXGroup section */
		18240ECCE4076FB0833A8578 /* ofxNetwork */ = {
			isa = PBXGroup;
			children = (
				219374A14594D121F27FED3A /* src */,
			);
			name = ofxNetwork;
			sourceTree = "<group>";
		};
		219374A14594D121F27FED3A /* src */ = {
			isa = PBXGroup;
			children = (
				2A06CCBDD734DE4874E32098 /* ofxNetwork.h */,
				9DFEDB2D50FE261E2CE29A37 /* ofxNetworkUtils.h */,
				B4AA9C32BA6F8F481E9FA7F0 /* ofxTCPClient.cpp */,
				DEE602863FEF21807ED5AB39 /* ofxTCPClient.h */,
				6C6D1769EEE31F6D2FFEE5CB /* ofxTCPManager.cpp */,
				B5B33A8A1ECF75AF8A34DFCE /* ofxTCPManager.h */,
				3A5C92A0B9B1694F14D24283 /* ofxTCPServer.cpp */,
				F5ED374A60B0DE561B423FB9 /* ofxTCPServer.h */,
				43667BE06DAF15A6F22EF4A8 /* ofxUDPManager.cpp */,
				ED521DF26D78BA7CBE8C5F9E /* ofxUDPManager.h */,
			);
			name = src;
			sourceTree = "<group>";
		};
		2865DAEF86B1907A704CA70B /* ofxJSON */ = {
			isa = PBXGroup;
			children = (
				292AF6148769654D0DF26018 /* src */,
				F40E80CB2D443CBA9581DD03 /* libs */,
			);
			name = ofxJSON;
			sourceTree = "<group>";
		};
		292AF6148769654D0DF26018 /* src */ = {
			isa = PBXGroup;
			children = (
				FC697668AD0B10F5BF3FCA8E /* ofxJSON.h */,
				A863DA4E31F9982AE2BA35DE /* ofxJSONElement.cpp */,
				A470468A6B140E091A075AFF /* ofxJSONElement.h */,
			);
			name = src;
			sourceTree = "<group>";
		};
		3CD2B0AEE6FE628A91175CDA /* ofxThreadedImageLoader */ = {
			isa = PBXGroup;
			children = (
				F7347CBF7C47F1110E5FA42A /* src */,
			);
			name = ofxThreadedImageLoader;
			sourceTree = "<group>";
		};
		480A780D8D0308AE4A368801 /* ofxGui */ = {
			isa = PBXGroup;
			children = (
				A763ED608B35AE3310251DEE /* src */,
			);
			name = ofxGui;
			sourceTree = "<group>";
		};
		58AD3BD71B781D9BC25763C8 /* json */ = {
			isa = PBXGroup;
			children = (
				044D40B9DCB6E5AD0C10C940 /* json-forwards.h */,
				20B817F83B5D3F967D57974D /* json.h */,
			);
			name = json;
			sourceTree = "<group>";
		};
		6948EE371B920CB800B5AC1A /* local_addons */ = {
			isa = PBXGroup;
			children = (
			);
			name = local_addons;
			sourceTree = "<group>";
		};
		764303091C513A4100691272 /* ofxSimpleHttp */ = {
			isa = PBXGroup;
			children = (
				764303181C513A4100691272 /* src */,
			);
			name = ofxSimpleHttp;
			path = ../../../../../Development/of_v0.9.0_osx_release/addons/ofxSimpleHttp;
			sourceTree = "<group>";
		};
		764303181C513A4100691272 /* src */ = {
			isa = PBXGroup;
			children = (
				764303191C513A4100691272 /* ofxBatchDownloader.cpp */,
				7643031A1C513A4100691272 /* ofxBatchDownloader.h */,
				7643031B1C513A4100691272 /* ofxChecksum.cpp */,
				7643031C1C513A4100691272 /* ofxChecksum.h */,
				7643031D1C513A4100691272 /* ofxDownloadCentral.cpp */,
				7643031E1C513A4100691272 /* ofxDownloadCentral.h */,
				7643031F1C513A4100691272 /* ofxSimpleHttp.cpp */,
				764303201C513A4100691272 /* ofxSimpleHttp.h */,
			);
			path = src;
			sourceTree = "<group>";
		};
		977A836DD2C489CCC5E330FF /* jsoncpp */ = {
			isa = PBXGroup;
			children = (
				D486FC87F063317BB47E9FAC /* include */,
				CCDC6F9CCF925CC402160B85 /* src */,
			);
			name = jsoncpp;
			sourceTree = "<group>";
		};
		A763ED608B35AE3310251DEE /* src */ = {
			isa = PBXGroup;
			children = (
				015EDF4AB9E5782B0B27BF01 /* ofxBaseGui.cpp */,
				FB9446AED36AD8B50EF85204 /* ofxBaseGui.h */,
				259A56C09E7A31F54C137DAC /* ofxButton.cpp */,
				316A9BCA0F2DFAA9131167AE /* ofxButton.h */,
				01FE51277A7C8FE7A744AD02 /* ofxGui.h */,
				3CDA77245A388B3BA6363E72 /* ofxGuiGroup.cpp */,
				53DD31A9B23804CA21C9D496 /* ofxGuiGroup.h */,
				44642CCFB96EB2072C5AE2E9 /* ofxLabel.cpp */,
				5695A865B2E6F5C45A46DC55 /* ofxLabel.h */,
				1F3227622E1C5CEE0652CFCD /* ofxPanel.cpp */,
				546D80E758549143174DC6EA /* ofxPanel.h */,
				E67DB8DC05530B8A52BFC0A1 /* ofxSlider.cpp */,
				DF8107CCF595B575319EFB49 /* ofxSlider.h */,
				3391F60E83EE185CD7E1FAEC /* ofxSliderGroup.cpp */,
				4A2EC0CB57C714328F1C09B5 /* ofxSliderGroup.h */,
				AD71EA33B8239B2097057654 /* ofxToggle.cpp */,
				43DDDD1D4C8D57A62D1619FC /* ofxToggle.h */,
			);
			name = src;
			sourceTree = "<group>";
		};
		BB4B014C10F69532006C3DED /* addons */ = {
			isa = PBXGroup;
			children = (
				764303091C513A4100691272 /* ofxSimpleHttp */,
				480A780D8D0308AE4A368801 /* ofxGui */,
				2865DAEF86B1907A704CA70B /* ofxJSON */,
				18240ECCE4076FB0833A8578 /* ofxNetwork */,
				3CD2B0AEE6FE628A91175CDA /* ofxThreadedImageLoader */,
			);
			name = addons;
			sourceTree = "<group>";
		};
		CCDC6F9CCF925CC402160B85 /* src */ = {
			isa = PBXGroup;
			children = (
				72668326553F0EF9F2C04AA7 /* jsoncpp.cpp */,
			);
			name = src;
			sourceTree = "<group>";
		};
		D486FC87F063317BB47E9FAC /* include */ = {
			isa = PBXGroup;
			children = (
				58AD3BD71B781D9BC25763C8 /* json */,
			);
			name = include;
			sourceTree = "<group>";
		};
		E4328144138ABC890047C5CB /* Products */ = {
			isa = PBXGroup;
			children = (
				E4328148138ABC890047C5CB /* openFrameworksDebug.a */,
			);
			name = Products;
			sourceTree = "<group>";
		};
		E4B69B4A0A3A1720003C02F2 = {
			isa = PBXGroup;
			children = (
				E4B6FCAD0C3E899E008CF71C /* openFrameworks-Info.plist */,
				E4EB6923138AFD0F00A09F29 /* Project.xcconfig */,
				E4B69E1C0A3A1BDC003C02F2 /* src */,
				E4EEC9E9138DF44700A80321 /* openFrameworks */,
				BB4B014C10F69532006C3DED /* addons */,
				6948EE371B920CB800B5AC1A /* local_addons */,
				E4B69B5B0A3A1756003C02F2 /* of_guggenheimDebug.app */,
			);
			sourceTree = "<group>";
		};
		E4B69E1C0A3A1BDC003C02F2 /* src */ = {
			isa = PBXGroup;
			children = (
				E4B69E1D0A3A1BDC003C02F2 /* main.cpp */,
				E4B69E1E0A3A1BDC003C02F2 /* ofApp.cpp */,
				E4B69E1F0A3A1BDC003C02F2 /* ofApp.h */,
				A1AF551B5F5543F3C05F1277 /* GUGGAPIKEY.h */,
				2A7AC74D97AE0790E0C8C075 /* GUGGAPIKEY.SAMPLE.h */,
			);
			path = src;
			sourceTree = SOURCE_ROOT;
		};
		E4EEC9E9138DF44700A80321 /* openFrameworks */ = {
			isa = PBXGroup;
			children = (
				E4EB691F138AFCF100A09F29 /* CoreOF.xcconfig */,
				E4328143138ABC890047C5CB /* openFrameworksLib.xcodeproj */,
			);
			name = openFrameworks;
			sourceTree = "<group>";
		};
		F40E80CB2D443CBA9581DD03 /* libs */ = {
			isa = PBXGroup;
			children = (
				977A836DD2C489CCC5E330FF /* jsoncpp */,
			);
			name = libs;
			sourceTree = "<group>";
		};
		F7347CBF7C47F1110E5FA42A /* src */ = {
			isa = PBXGroup;
			children = (
				50802BBA7D39FD62C9027C00 /* ofxThreadedImageLoader.cpp */,
				B5DEDC8CD5999CBD226DD9B2 /* ofxThreadedImageLoader.h */,
			);
			name = src;
			sourceTree = "<group>";
		};
/* End PBXGroup section */

/* Begin PBXNativeTarget section */
		E4B69B5A0A3A1756003C02F2 /* of_guggenheim */ = {
			isa = PBXNativeTarget;
			buildConfigurationList = E4B69B5F0A3A1757003C02F2 /* Build configuration list for PBXNativeTarget "of_guggenheim" */;
			buildPhases = (
				E4B69B580A3A1756003C02F2 /* Sources */,
				E4B69B590A3A1756003C02F2 /* Frameworks */,
				E4B6FFFD0C3F9AB9008CF71C /* ShellScript */,
				E4C2427710CC5ABF004149E2 /* CopyFiles */,
			);
			buildRules = (
			);
			dependencies = (
				E4EEB9AC138B136A00A80321 /* PBXTargetDependency */,
			);
			name = of_guggenheim;
			productName = myOFApp;
			productReference = E4B69B5B0A3A1756003C02F2 /* of_guggenheimDebug.app */;
			productType = "com.apple.product-type.application";
		};
/* End PBXNativeTarget section */

/* Begin PBXProject section */
		E4B69B4C0A3A1720003C02F2 /* Project object */ = {
			isa = PBXProject;
			attributes = {
				LastUpgradeCheck = 0600;
			};
			buildConfigurationList = E4B69B4D0A3A1720003C02F2 /* Build configuration list for PBXProject "of_guggenheim" */;
			compatibilityVersion = "Xcode 3.2";
			developmentRegion = English;
			hasScannedForEncodings = 0;
			knownRegions = (
				English,
				Japanese,
				French,
				German,
			);
			mainGroup = E4B69B4A0A3A1720003C02F2;
			productRefGroup = E4B69B4A0A3A1720003C02F2;
			projectDirPath = "";
			projectReferences = (
				{
					ProductGroup = E4328144138ABC890047C5CB /* Products */;
					ProjectRef = E4328143138ABC890047C5CB /* openFrameworksLib.xcodeproj */;
				},
			);
			projectRoot = "";
			targets = (
				E4B69B5A0A3A1756003C02F2 /* of_guggenheim */,
			);
		};
/* End PBXProject section */

/* Begin PBXReferenceProxy section */
		E4328148138ABC890047C5CB /* openFrameworksDebug.a */ = {
			isa = PBXReferenceProxy;
			fileType = archive.ar;
			path = openFrameworksDebug.a;
			remoteRef = E4328147138ABC890047C5CB /* PBXContainerItemProxy */;
			sourceTree = BUILT_PRODUCTS_DIR;
		};
/* End PBXReferenceProxy section */

/* Begin PBXShellScriptBuildPhase section */
		E4B6FFFD0C3F9AB9008CF71C /* ShellScript */ = {
			isa = PBXShellScriptBuildPhase;
			buildActionMask = 2147483647;
			files = (
			);
			inputPaths = (
			);
			outputPaths = (
			);
			runOnlyForDeploymentPostprocessing = 0;
			shellPath = /bin/sh;
			shellScript = "rsync -aved ../../../../../Development/of_v0.9.0_osx_release/libs/fmodex/lib/osx/libfmodex.dylib \"$TARGET_BUILD_DIR/$PRODUCT_NAME.app/Contents/MacOS/\"; install_name_tool -change ./libfmodex.dylib @executable_path/libfmodex.dylib \"$TARGET_BUILD_DIR/$PRODUCT_NAME.app/Contents/MacOS/$PRODUCT_NAME\";\nmkdir -p \"$TARGET_BUILD_DIR/$PRODUCT_NAME.app/Contents/Resources/\"\nrsync -aved \"$ICON_FILE\" \"$TARGET_BUILD_DIR/$PRODUCT_NAME.app/Contents/Resources/\"\nrsync -aved ../../../../../Development/of_v0.9.0_osx_release/libs/glut/lib/osx/GLUT.framework \"$TARGET_BUILD_DIR/$PRODUCT_NAME.app/Contents/Frameworks/\"\n";
		};
/* End PBXShellScriptBuildPhase section */

/* Begin PBXSourcesBuildPhase section */
		E4B69B580A3A1756003C02F2 /* Sources */ = {
			isa = PBXSourcesBuildPhase;
			buildActionMask = 2147483647;
			files = (
				E4B69E200A3A1BDC003C02F2 /* main.cpp in Sources */,
				E4B69E210A3A1BDC003C02F2 /* ofApp.cpp in Sources */,
				1619663EFE287EBA9390918F /* ofxBaseGui.cpp in Sources */,
				0648538355B2C9CA8DABF891 /* ofxButton.cpp in Sources */,
				B0DE9B08EA4AE91D055AB0E2 /* ofxGuiGroup.cpp in Sources */,
				69383E341219D89514BB5DCF /* ofxLabel.cpp in Sources */,
				3161D98835B78DC92D960E87 /* ofxPanel.cpp in Sources */,
				7643032B1C513A4100691272 /* ofxSimpleHttp.cpp in Sources */,
				0643CEDC0CB821712A54EB66 /* ofxSlider.cpp in Sources */,
				7643032A1C513A4100691272 /* ofxDownloadCentral.cpp in Sources */,
				771D4CCFD6D267AA4FFCC617 /* ofxSliderGroup.cpp in Sources */,
				A9213730A2ECBCDCAD7C0CF2 /* ofxToggle.cpp in Sources */,
				CB38AD506E524C44AEE590A2 /* ofxJSONElement.cpp in Sources */,
				DF555EAAFCA4FF95B5B691B8 /* jsoncpp.cpp in Sources */,
				D9CE775FBB002A77A415B3F2 /* ofxTCPClient.cpp in Sources */,
				2F05CE3ED6A1E8E52972430C /* ofxTCPManager.cpp in Sources */,
				764303291C513A4100691272 /* ofxChecksum.cpp in Sources */,
				2B942A8D16E9A0F724E2D9FA /* ofxTCPServer.cpp in Sources */,
				3E084009BD1BC8EE75E0C79D /* ofxUDPManager.cpp in Sources */,
				850D032895780C1512A394F9 /* ofxThreadedImageLoader.cpp in Sources */,
				764303281C513A4100691272 /* ofxBatchDownloader.cpp in Sources */,
			);
			runOnlyForDeploymentPostprocessing = 0;
		};
/* End PBXSourcesBuildPhase section */

/* Begin PBXTargetDependency section */
		E4EEB9AC138B136A00A80321 /* PBXTargetDependency */ = {
			isa = PBXTargetDependency;
			name = openFrameworks;
			targetProxy = E4EEB9AB138B136A00A80321 /* PBXContainerItemProxy */;
		};
/* End PBXTargetDependency section */

/* Begin XCBuildConfiguration section */
		E4B69B4E0A3A1720003C02F2 /* Debug */ = {
			isa = XCBuildConfiguration;
			baseConfigurationReference = E4EB6923138AFD0F00A09F29 /* Project.xcconfig */;
			buildSettings = {
				CONFIGURATION_BUILD_DIR = "$(SRCROOT)/bin/";
				COPY_PHASE_STRIP = NO;
				DEAD_CODE_STRIPPING = YES;
				GCC_AUTO_VECTORIZATION = YES;
				GCC_ENABLE_SSE3_EXTENSIONS = YES;
				GCC_ENABLE_SUPPLEMENTAL_SSE3_INSTRUCTIONS = YES;
				GCC_INLINES_ARE_PRIVATE_EXTERN = NO;
				GCC_OPTIMIZATION_LEVEL = 0;
				GCC_SYMBOLS_PRIVATE_EXTERN = NO;
				GCC_WARN_ABOUT_DEPRECATED_FUNCTIONS = YES;
				GCC_WARN_ABOUT_INVALID_OFFSETOF_MACRO = NO;
				GCC_WARN_ALLOW_INCOMPLETE_PROTOCOL = NO;
				GCC_WARN_UNINITIALIZED_AUTOS = NO;
				GCC_WARN_UNUSED_VALUE = NO;
				GCC_WARN_UNUSED_VARIABLE = NO;
				HEADER_SEARCH_PATHS = (
					"$(OF_CORE_HEADERS)",
					src,
					../../../../../Development/of_v0.9.0_osx_release/addons/ofxGui/src,
					../../../../../Development/of_v0.9.0_osx_release/addons/ofxJSON/libs,
					../../../../../Development/of_v0.9.0_osx_release/addons/ofxJSON/libs/jsoncpp,
					../../../../../Development/of_v0.9.0_osx_release/addons/ofxJSON/libs/jsoncpp/include,
					../../../../../Development/of_v0.9.0_osx_release/addons/ofxJSON/libs/jsoncpp/include/json,
					../../../../../Development/of_v0.9.0_osx_release/addons/ofxJSON/libs/jsoncpp/src,
					../../../../../Development/of_v0.9.0_osx_release/addons/ofxJSON/src,
					../../../../../Development/of_v0.9.0_osx_release/addons/ofxNetwork/src,
					../../../../../Development/of_v0.9.0_osx_release/addons/ofxThreadedImageLoader/src,
				);
				MACOSX_DEPLOYMENT_TARGET = 10.8;
				ONLY_ACTIVE_ARCH = YES;
				OTHER_CPLUSPLUSFLAGS = (
					"-D__MACOSX_CORE__",
					"-mtune=native",
				);
				SDKROOT = macosx;
			};
			name = Debug;
		};
		E4B69B4F0A3A1720003C02F2 /* Release */ = {
			isa = XCBuildConfiguration;
			baseConfigurationReference = E4EB6923138AFD0F00A09F29 /* Project.xcconfig */;
			buildSettings = {
				CONFIGURATION_BUILD_DIR = "$(SRCROOT)/bin/";
				COPY_PHASE_STRIP = YES;
				DEAD_CODE_STRIPPING = YES;
				GCC_AUTO_VECTORIZATION = YES;
				GCC_ENABLE_SSE3_EXTENSIONS = YES;
				GCC_ENABLE_SUPPLEMENTAL_SSE3_INSTRUCTIONS = YES;
				GCC_INLINES_ARE_PRIVATE_EXTERN = NO;
				GCC_OPTIMIZATION_LEVEL = 3;
				GCC_SYMBOLS_PRIVATE_EXTERN = NO;
				GCC_UNROLL_LOOPS = YES;
				GCC_WARN_ABOUT_DEPRECATED_FUNCTIONS = YES;
				GCC_WARN_ABOUT_INVALID_OFFSETOF_MACRO = NO;
				GCC_WARN_ALLOW_INCOMPLETE_PROTOCOL = NO;
				GCC_WARN_UNINITIALIZED_AUTOS = NO;
				GCC_WARN_UNUSED_VALUE = NO;
				GCC_WARN_UNUSED_VARIABLE = NO;
				HEADER_SEARCH_PATHS = (
					"$(OF_CORE_HEADERS)",
					src,
					../../../../../Development/of_v0.9.0_osx_release/addons/ofxGui/src,
					../../../../../Development/of_v0.9.0_osx_release/addons/ofxJSON/libs,
					../../../../../Development/of_v0.9.0_osx_release/addons/ofxJSON/libs/jsoncpp,
					../../../../../Development/of_v0.9.0_osx_release/addons/ofxJSON/libs/jsoncpp/include,
					../../../../../Development/of_v0.9.0_osx_release/addons/ofxJSON/libs/jsoncpp/include/json,
					../../../../../Development/of_v0.9.0_osx_release/addons/ofxJSON/libs/jsoncpp/src,
					../../../../../Development/of_v0.9.0_osx_release/addons/ofxJSON/src,
					../../../../../Development/of_v0.9.0_osx_release/addons/ofxNetwork/src,
					../../../../../Development/of_v0.9.0_osx_release/addons/ofxThreadedImageLoader/src,
				);
				MACOSX_DEPLOYMENT_TARGET = 10.8;
				OTHER_CPLUSPLUSFLAGS = (
					"-D__MACOSX_CORE__",
					"-mtune=native",
				);
				SDKROOT = macosx;
			};
			name = Release;
		};
		E4B69B600A3A1757003C02F2 /* Debug */ = {
			isa = XCBuildConfiguration;
			baseConfigurationReference = E4EB6923138AFD0F00A09F29 /* Project.xcconfig */;
			buildSettings = {
				COMBINE_HIDPI_IMAGES = YES;
				COPY_PHASE_STRIP = NO;
				FRAMEWORK_SEARCH_PATHS = (
					"$(inherited)",
					"$(FRAMEWORK_SEARCH_PATHS_QUOTED_FOR_TARGET_1)",
				);
				FRAMEWORK_SEARCH_PATHS_QUOTED_FOR_TARGET_1 = "\"$(SRCROOT)/../../../../../Development/of_v0.9.0_osx_release/libs/glut/lib/osx\"";
				GCC_DYNAMIC_NO_PIC = NO;
				GCC_GENERATE_DEBUGGING_SYMBOLS = YES;
				GCC_MODEL_TUNING = NONE;
				HEADER_SEARCH_PATHS = (
					"$(OF_CORE_HEADERS)",
					src,
					../../../../../Development/of_v0.9.0_osx_release/addons/ofxGui/src,
					../../../../../Development/of_v0.9.0_osx_release/addons/ofxJSON/libs,
					../../../../../Development/of_v0.9.0_osx_release/addons/ofxJSON/libs/jsoncpp,
					../../../../../Development/of_v0.9.0_osx_release/addons/ofxJSON/libs/jsoncpp/include,
					../../../../../Development/of_v0.9.0_osx_release/addons/ofxJSON/libs/jsoncpp/include/json,
					../../../../../Development/of_v0.9.0_osx_release/addons/ofxJSON/libs/jsoncpp/src,
					../../../../../Development/of_v0.9.0_osx_release/addons/ofxJSON/src,
					../../../../../Development/of_v0.9.0_osx_release/addons/ofxNetwork/src,
					../../../../../Development/of_v0.9.0_osx_release/addons/ofxThreadedImageLoader/src,
				);
				ICON = "$(ICON_NAME_DEBUG)";
				ICON_FILE = "$(ICON_FILE_PATH)$(ICON)";
				INFOPLIST_FILE = "openFrameworks-Info.plist";
				INSTALL_PATH = "$(HOME)/Applications";
				LIBRARY_SEARCH_PATHS = "$(inherited)";
				PRODUCT_NAME = "$(TARGET_NAME)Debug";
				WRAPPER_EXTENSION = app;
			};
			name = Debug;
		};
		E4B69B610A3A1757003C02F2 /* Release */ = {
			isa = XCBuildConfiguration;
			baseConfigurationReference = E4EB6923138AFD0F00A09F29 /* Project.xcconfig */;
			buildSettings = {
				COMBINE_HIDPI_IMAGES = YES;
				COPY_PHASE_STRIP = YES;
				FRAMEWORK_SEARCH_PATHS = (
					"$(inherited)",
					"$(FRAMEWORK_SEARCH_PATHS_QUOTED_FOR_TARGET_1)",
				);
				FRAMEWORK_SEARCH_PATHS_QUOTED_FOR_TARGET_1 = "\"$(SRCROOT)/../../../../../Development/of_v0.9.0_osx_release/libs/glut/lib/osx\"";
				GCC_GENERATE_DEBUGGING_SYMBOLS = YES;
				GCC_MODEL_TUNING = NONE;
				HEADER_SEARCH_PATHS = (
					"$(OF_CORE_HEADERS)",
					src,
					../../../../../Development/of_v0.9.0_osx_release/addons/ofxGui/src,
					../../../../../Development/of_v0.9.0_osx_release/addons/ofxJSON/libs,
					../../../../../Development/of_v0.9.0_osx_release/addons/ofxJSON/libs/jsoncpp,
					../../../../../Development/of_v0.9.0_osx_release/addons/ofxJSON/libs/jsoncpp/include,
					../../../../../Development/of_v0.9.0_osx_release/addons/ofxJSON/libs/jsoncpp/include/json,
					../../../../../Development/of_v0.9.0_osx_release/addons/ofxJSON/libs/jsoncpp/src,
					../../../../../Development/of_v0.9.0_osx_release/addons/ofxJSON/src,
					../../../../../Development/of_v0.9.0_osx_release/addons/ofxNetwork/src,
					../../../../../Development/of_v0.9.0_osx_release/addons/ofxThreadedImageLoader/src,
				);
				ICON = "$(ICON_NAME_RELEASE)";
				ICON_FILE = "$(ICON_FILE_PATH)$(ICON)";
				INFOPLIST_FILE = "openFrameworks-Info.plist";
				INSTALL_PATH = "$(HOME)/Applications";
				LIBRARY_SEARCH_PATHS = "$(inherited)";
				PRODUCT_NAME = "$(TARGET_NAME)";
				WRAPPER_EXTENSION = app;
				baseConfigurationReference = E4EB6923138AFD0F00A09F29;
			};
			name = Release;
		};
/* End XCBuildConfiguration section */

/* Begin XCConfigurationList section */
		E4B69B4D0A3A1720003C02F2 /* Build configuration list for PBXProject "of_guggenheim" */ = {
			isa = XCConfigurationList;
			buildConfigurations = (
				E4B69B4E0A3A1720003C02F2 /* Debug */,
				E4B69B4F0A3A1720003C02F2 /* Release */,
			);
			defaultConfigurationIsVisible = 0;
			defaultConfigurationName = Release;
		};
		E4B69B5F0A3A1757003C02F2 /* Build configuration list for PBXNativeTarget "of_guggenheim" */ = {
			isa = XCConfigurationList;
			buildConfigurations = (
				E4B69B600A3A1757003C02F2 /* Debug */,
				E4B69B610A3A1757003C02F2 /* Release */,
			);
			defaultConfigurationIsVisible = 0;
			defaultConfigurationName = Release;
		};
/* End XCConfigurationList section */
	};
	rootObject = E4B69B4C0A3A1720003C02F2 /* Project object */;
}
